
Microsoft Visual Studio Solution File, Format Version 11.00
# Visual Studio 2010
Project("{FAE04EC0-301F-11D3-BF4B-00C04F79EFBC}") = "Assembly-CSharp", "Assembly-CSharp.csproj", "{F6AD5BD0-09B4-7B78-66AE-C120783FC160}"
EndProject
Project("{FAE04EC0-301F-11D3-BF4B-00C04F79EFBC}") = "Assembly-CSharp-firstpass", "Assembly-CSharp-firstpass.csproj", "{EABE5A97-23AF-3735-1361-7278E5B21686}"
EndProject
Project("{FAE04EC0-301F-11D3-BF4B-00C04F79EFBC}") = "Assembly-CSharp-Editor-firstpass", "Assembly-CSharp-Editor-firstpass.csproj", "{7441683B-4586-3EAA-0DD7-F0327EDCFAEE}"
EndProject
Global
	GlobalSection(SolutionConfigurationPlatforms) = preSolution
		Debug|Any CPU = Debug|Any CPU
		Release|Any CPU = Release|Any CPU
	EndGlobalSection
	GlobalSection(ProjectConfigurationPlatforms) = postSolution
		{F6AD5BD0-09B4-7B78-66AE-C120783FC160}.Debug|Any CPU.ActiveCfg = Debug|Any CPU
		{F6AD5BD0-09B4-7B78-66AE-C120783FC160}.Debug|Any CPU.Build.0 = Debug|Any CPU
		{F6AD5BD0-09B4-7B78-66AE-C120783FC160}.Release|Any CPU.ActiveCfg = Release|Any CPU
		{F6AD5BD0-09B4-7B78-66AE-C120783FC160}.Release|Any CPU.Build.0 = Release|Any CPU
		{EABE5A97-23AF-3735-1361-7278E5B21686}.Debug|Any CPU.ActiveCfg = Debug|Any CPU
		{EABE5A97-23AF-3735-1361-7278E5B21686}.Debug|Any CPU.Build.0 = Debug|Any CPU
		{EABE5A97-23AF-3735-1361-7278E5B21686}.Release|Any CPU.ActiveCfg = Release|Any CPU
		{EABE5A97-23AF-3735-1361-7278E5B21686}.Release|Any CPU.Build.0 = Release|Any CPU
		{7441683B-4586-3EAA-0DD7-F0327EDCFAEE}.Debug|Any CPU.ActiveCfg = Debug|Any CPU
		{7441683B-4586-3EAA-0DD7-F0327EDCFAEE}.Debug|Any CPU.Build.0 = Debug|Any CPU
		{7441683B-4586-3EAA-0DD7-F0327EDCFAEE}.Release|Any CPU.ActiveCfg = Release|Any CPU
		{7441683B-4586-3EAA-0DD7-F0327EDCFAEE}.Release|Any CPU.Build.0 = Release|Any CPU
	EndGlobalSection
	GlobalSection(SolutionProperties) = preSolution
		HideSolutionNode = FALSE
	EndGlobalSection
	GlobalSection(MonoDevelopProperties) = preSolution
		StartupItem = Assembly-CSharp.csproj
	EndGlobalSection
EndGlobal
